
Microsoft Visual Studio Solution File, Format Version 12.00
# Visual Studio Version 17
VisualStudioVersion = 17.5.002.0
MinimumVisualStudioVersion = 10.0.40219.1
Project("{9A19103F-16F7-4668-BE54-9A1E7A4F7556}") = "MyBlog", "MyBlog.csproj", "{397189C0-61D4-40F0-8461-E7B12242C72E}"
EndProject
Global
	GlobalSection(SolutionConfigurationPlatforms) = preSolution
		Debug|Any CPU = Debug|Any CPU
		Release|Any CPU = Release|Any CPU
	EndGlobalSection
	GlobalSection(ProjectConfigurationPlatforms) = postSolution
		{397189C0-61D4-40F0-8461-E7B12242C72E}.Debug|Any CPU.ActiveCfg = Debug|Any CPU
		{397189C0-61D4-40F0-8461-E7B12242C72E}.Debug|Any CPU.Build.0 = Debug|Any CPU
		{397189C0-61D4-40F0-8461-E7B12242C72E}.Release|Any CPU.ActiveCfg = Release|Any CPU
		{397189C0-61D4-40F0-8461-E7B12242C72E}.Release|Any CPU.Build.0 = Release|Any CPU
	EndGlobalSection
	GlobalSection(SolutionProperties) = preSolution
		HideSolutionNode = FALSE
	EndGlobalSection
	GlobalSection(ExtensibilityGlobals) = postSolution
		SolutionGuid = {541EA80F-17C1-42C2-BEBF-17FEBB974691}
	EndGlobalSection
EndGlobal
